
Microsoft Visual Studio Solution File, Format Version 12.00
# Visual Studio Version 16
VisualStudioVersion = 16.0.32228.343
MinimumVisualStudioVersion = 10.0.40219.1
Project("{FAE04EC0-301F-11D3-BF4B-00C04F79EFBC}") = "LINQ", "LINQ\LINQ.csproj", "{F7678AAF-740A-4672-A3FF-C7F6B06A7811}"
EndProject
Global
	GlobalSection(SolutionConfigurationPlatforms) = preSolution
		Debug|Any CPU = Debug|Any CPU
		Release|Any CPU = Release|Any CPU
	EndGlobalSection
	GlobalSection(ProjectConfigurationPlatforms) = postSolution
		{F7678AAF-740A-4672-A3FF-C7F6B06A7811}.Debug|Any CPU.ActiveCfg = Debug|Any CPU
		{F7678AAF-740A-4672-A3FF-C7F6B06A7811}.Debug|Any CPU.Build.0 = Debug|Any CPU
		{F7678AAF-740A-4672-A3FF-C7F6B06A7811}.Release|Any CPU.ActiveCfg = Release|Any CPU
		{F7678AAF-740A-4672-A3FF-C7F6B06A7811}.Release|Any CPU.Build.0 = Release|Any CPU
	EndGlobalSection
	GlobalSection(SolutionProperties) = preSolution
		HideSolutionNode = FALSE
	EndGlobalSection
	GlobalSection(ExtensibilityGlobals) = postSolution
		SolutionGuid = {F4932DB8-1DF1-4B7E-B4A8-0D08C986AE3F}
	EndGlobalSection
EndGlobal
